version = 1
revision = 3
requires-python = "==3.11.*"
resolution-markers = [
    "(platform_machine != 'aarch64' and extra != 'extra-35-evalita2026-multipride-unibo-ficlit-cpu' and extra == 'extra-35-evalita2026-multipride-unibo-ficlit-cu117') or (platform_python_implementation != 'CPython' and extra != 'extra-35-evalita2026-multipride-unibo-ficlit-cpu' and extra == 'extra-35-evalita2026-multipride-unibo-ficlit-cu117') or (sys_platform != 'linux' and extra != 'extra-35-evalita2026-multipride-unibo-ficlit-cpu' and extra == 'extra-35-evalita2026-multipride-unibo-ficlit-cu117')",
    "platform_machine == 'aarch64' and platform_python_implementation == 'CPython' and sys_platform == 'linux' and extra != 'extra-35-evalita2026-multipride-unibo-ficlit-cpu' and extra == 'extra-35-evalita2026-multipride-unibo-ficlit-cu117'",
    "(platform_machine != 'aarch64' and sys_platform == 'linux' and extra == 'extra-35-evalita2026-multipride-unibo-ficlit-cpu' and extra != 'extra-35-evalita2026-multipride-unibo-ficlit-cu117') or (platform_python_implementation != 'CPython' and sys_platform == 'linux' and extra == 'extra-35-evalita2026-multipride-unibo-ficlit-cpu' and extra != 'extra-35-evalita2026-multipride-unibo-ficlit-cu117') or (sys_platform != 'darwin' and sys_platform != 'linux' and extra == 'extra-35-evalita2026-multipride-unibo-ficlit-cpu' and extra != 'extra-35-evalita2026-multipride-unibo-ficlit-cu117')",
    "(platform_machine == 'aarch64' and platform_python_implementation == 'CPython' and sys_platform == 'linux' and extra == 'extra-35-evalita2026-multipride-unibo-ficlit-cpu' and extra != 'extra-35-evalita2026-multipride-unibo-ficlit-cu117') or (sys_platform == 'darwin' and extra == 'extra-35-evalita2026-multipride-unibo-ficlit-cpu' and extra != 'extra-35-evalita2026-multipride-unibo-ficlit-cu117')",
    "extra != 'extra-35-evalita2026-multipride-unibo-ficlit-cpu' and extra != 'extra-35-evalita2026-multipride-unibo-ficlit-cu117'",
]
conflicts = [[
    { package = "evalita2026-multipride-unibo-ficlit", extra = "cpu" },
    { package = "evalita2026-multipride-unibo-ficlit", extra = "cu117" },
]]

[[package]]
name = "cfgv"
version = "3.5.0"
source = { registry = "https://pypi.org/simple" }
sdist = { url = "https://files.pythonhosted.org/packages/4e/b5/721b8799b04bf9afe054a3899c6cf4e880fcf8563cc71c15610242490a0c/cfgv-3.5.0.tar.gz", hash = "sha256:d5b1034354820651caa73ede66a6294d6e95c1b00acc5e9b098e917404669132", size = 7334, upload-time = "2025-11-19T20:55:51.612Z" }
wheels = [
    { url = "https://files.pythonhosted.org/packages/db/3c/33bac158f8ab7f89b2e59426d5fe2e4f63f7ed25df84c036890172b412b5/cfgv-3.5.0-py2.py3-none-any.whl", hash = "sha256:a8dc6b26ad22ff227d2634a65cb388215ce6cc96bbcc5cfde7641ae87e8dacc0", size = 7445, upload-time = "2025-11-19T20:55:50.744Z" },
]

[[package]]
name = "cmake"
version = "4.3.2"
source = { registry = "https://pypi.org/simple" }
sdist = { url = "https://files.pythonhosted.org/packages/76/07/f1d6f7bcf056a139352cc2972f92a92005ac0ee98103165b1f620873b196/cmake-4.3.2.tar.gz", hash = "sha256:5f47f5f00910c474662d09a0516413c6e9750bde73cdc52dea3988102a274e06", size = 36969, upload-time = "2026-04-23T21:51:35.982Z" }
wheels = [
    { url = "https://files.pythonhosted.org/packages/82/15/4c8980d5ceef53f0c490425f5b8e47f3ff863348400b0ea5ba4e349119f1/cmake-4.3.2-py3-none-macosx_10_10_universal2.whl", hash = "sha256:f8f570813753ed4564928cf45c4c13c31e46b3e66b1a07fe695cb9f7b7af185e", size = 52883814, upload-time = "2026-04-23T21:50:16.764Z" },
    { url = "https://files.pythonhosted.org/packages/bc/50/2f336143dbcf5eca7c2d7e86273a84ef60231a0b7cfa33143d964c62f250/cmake-4.3.2-py3-none-manylinux2014_aarch64.manylinux_2_17_aarch64.whl", hash = "sha256:ca739ab0d8960261fdb1bb6e1e6c16b9cd033ae0a98341483cc233ba7c81b22b", size = 29578008, upload-time = "2026-04-23T21:50:21.965Z" },
    { url = "https://files.pythonhosted.org/packages/52/e9/4b571a24924b5bdbd5c0b0fbb0b6b1008eb6472ceb9f23bca9e08e09632e/cmake-4.3.2-py3-none-manylinux2014_i686.manylinux_2_17_i686.whl", hash = "sha256:2b81038453a40aed73f8d28185c4c3ef43c3a91a7ff1577ce08e498769ecfe16", size = 30676971, upload-time = "2026-04-23T21:50:25.395Z" },
    { url = "https://files.pythonhosted.org/packages/a1/d4/87f91ba2030c862a27a5b2df42e4e80d3244910acd10aa4cdcd0111820a9/cmake-4.3.2-py3-none-manylinux2014_ppc64le.manylinux_2_17_ppc64le.whl", hash = "sha256:8add046a4ef7c606d8e0a444050415054c7da3b8535b2c8ce1f03e265dda098d", size = 30462837, upload-time = "2026-04-23T21:50:28.785Z" },
    { url = "https://files.pythonhosted.org/packages/21/ee/5475cd861db5e8e22fd6b3fd323a67f8f62df487163f72bc281739309bcf/cmake-4.3.2-py3-none-manylinux2014_s390x.manylinux_2_17_s390x.whl", hash = "sha256:7105a5411bbc405242677d29222812028566aafac3f78fda08c1717f03e5ca2a", size = 28377235, upload-time = "2026-04-23T21:50:32.144Z" },
    { url = "https://files.pythonhosted.org/packages/63/cd/1008be054420fd759b73d3328326d047ea693c3910a55cb2a597d911baee/cmake-4.3.2-py3-none-manylinux2014_x86_64.manylinux_2_17_x86_64.whl", hash = "sha256:339655b93289c1b03c6a72523d46d3b0d19dc51406d3a90f8eefcbec525cb271", size = 29512079, upload-time = "2026-04-23T21:50:36.295Z" },
    { url = "https://files.pythonhosted.org/packages/13/c4/e7c3649c4941927aff24c464090c4ce7f1f24167077f1b8aff3994def88d/cmake-4.3.2-py3-none-manylinux_2_31_armv7l.whl", hash = "sha256:ea95db137fd27f420d5e149c41e1f7621e786869afa3ca0fe18301df9e066607", size = 26628649, upload-time = "2026-04-23T21:50:40.047Z" },
    { url = "https://files.pythonhosted.org/packages/5a/05/ee3b002e0e7303a36e1f3c52e18d004fe089076a0e7b38df5e64a2328e88/cmake-4.3.2-py3-none-manylinux_2_31_riscv64.whl", hash = "sha256:3947bc5973ca3846c76486993abd0fba0cb9119300d58ed9173a672d1eef505b", size = 26769012, upload-time = "2026-04-23T21:50:44.237Z" },
    { url = "https://files.pythonhosted.org/packages/4d/a6/4e42625ce96197ffd72bb6a0e9c02d64506ee3075dd801219bb44fd9dcf7/cmake-4.3.2-py3-none-musllinux_1_2_aarch64.whl", hash = "sha256:bc316be89fa43c265697c3b9ffcebde977bcc4515974372cc460c974f458ff98", size = 38595561, upload-time = "2026-04-23T21:50:48.601Z" },
    { url = "https://files.pythonhosted.org/packages/bd/5b/80ab6fa7aceff0af186a844b6a53c3022e9775467804a1ce2ec3aafb02b3/cmake-4.3.2-py3-none-musllinux_1_2_armv7l.whl", hash = "sha256:d10648929eb3294449ceae7a7c0b9714ca445280ddc25c209f427e7a07c6f3a9", size = 35226159, upload-time = "2026-04-23T21:50:53.968Z" },
    { url = "https://files.pythonhosted.org/packages/10/e3/73fc202fb943221a7ce78a5374c7a73093d26af85378ddab9c04586dc98b/cmake-4.3.2-py3-none-musllinux_1_2_i686.whl", hash = "sha256:a69e629e6cd973e1f9b11d247d116acb47b35cdd8e39aee4b04b9040851cd8a0", size = 41262833, upload-time = "2026-04-23T21:50:59.402Z" },
    { url = "https://files.pythonhosted.org/packages/c4/d3/3ef79820bfbcd5b51ef3b8029fc9c96da363daa11aae02ddd82df08fa446/cmake-4.3.2-py3-none-musllinux_1_2_ppc64le.whl", hash = "sha256:95e0ff31a692d12130f33d1467d0074f8314cf3a79940694896de9367b6e4fae", size = 40437896, upload-time = "2026-04-23T21:51:04.304Z" },
    { url = "https://files.pythonhosted.org/packages/f9/a8/8a1147fa26a3c1564bf654b744baeb2b8c0efccfde04190d3f9222c27bde/cmake-4.3.2-py3-none-musllinux_1_2_riscv64.whl", hash = "sha256:67775407b963385a7942dd56f0567ef3c75453c6336654aeafe43165d78648bb", size = 35492662, upload-time = "2026-04-23T21:51:08.982Z" },
    { url = "https://files.pythonhosted.org/packages/78/96/42a744beb4c9f6e459f1a57162f391a9941f31850048fc461e88095f98da/cmake-4.3.2-py3-none-musllinux_1_2_s390x.whl", hash = "sha256:aae70bb95762f6da20131cf72da6322557ff6784968755d201d42a44cd9494e5", size = 37723238, upload-time = "2026-04-23T21:51:13.595Z" },
    { url = "https://files.pythonhosted.org/packages/06/4c/513a73685feef886c824982b6618bb3cc7e7ac8579b34f1fe043bce11af5/cmake-4.3.2-py3-none-musllinux_1_2_x86_64.whl", hash = "sha256:b1c5c292b1189e48d01f0bed01ed800c31eed967afd033c4beabff9cc97209f2", size = 38554155, upload-time = "2026-04-23T21:51:18.153Z" },
    { url = "https://files.pythonhosted.org/packages/14/aa/35b387f6cc0990247195109b04523a1c05dbb4f0fd0bae28e7f34c4a1e6f/cmake-4.3.2-py3-none-win32.whl", hash = "sha256:3c55f0c61c70642d9e7f6b4fc638622027f045b388e357d74efcca4a7111e4aa", size = 37819702, upload-time = "2026-04-23T21:51:22.933Z" },
    { url = "https://files.pythonhosted.org/packages/96/8d/7ceb7223d274e88d621ce00f2160ae74aead18a3d36f61b8fb52cbe6b7ca/cmake-4.3.2-py3-none-win_amd64.whl", hash = "sha256:78049aac277aabe376d8e82993f0be234d086d0e8ad4708755d5a209a04e1138", size = 41272507, upload-time = "2026-04-23T21:51:27.93Z" },
    { url = "https://files.pythonhosted.org/packages/69/4f/fa4da5330b63d5ce7909892005eced21d1fca58d022ed6b40f216f6f6c52/cmake-4.3.2-py3-none-win_arm64.whl", hash = "sha256:b218d636a99fa0eb23713d37d3e3c3a9c0e707e0579b46780ff908acef229386", size = 39613878, upload-time = "2026-04-23T21:51:33.041Z" },
]

[[package]]
name = "distlib"
version = "0.4.0"
source = { registry = "https://pypi.org/simple" }
sdist = { url = "https://files.pythonhosted.org/packages/96/8e/709914eb2b5749865801041647dc7f4e6d00b549cfe88b65ca192995f07c/distlib-0.4.0.tar.gz", hash = "sha256:feec40075be03a04501a973d81f633735b4b69f98b05450592310c0f401a4e0d", size = 614605, upload-time = "2025-07-17T16:52:00.465Z" }
wheels = [
    { url = "https://files.pythonhosted.org/packages/33/6b/e0547afaf41bf2c42e52430072fa5658766e3d65bd4b03a563d1b6336f57/distlib-0.4.0-py2.py3-none-any.whl", hash = "sha256:9659f7d87e46584a30b5780e43ac7a2143098441670ff0a49d5f9034c54a6c16", size = 469047, upload-time = "2025-07-17T16:51:58.613Z" },
]

[[package]]
name = "evalita2026-multipride-unibo-ficlit"
version = "0.1.0"
source = { virtual = "." }

[package.optional-dependencies]
cpu = [
    { name = "torch", version = "2.0.1", source = { registry = "https://download.pytorch.org/whl/cpu" }, marker = "(platform_machine == 'aarch64' and platform_python_implementation == 'CPython' and sys_platform == 'linux' and extra == 'extra-35-evalita2026-multipride-unibo-ficlit-cpu') or (platform_machine != 'aarch64' and extra == 'extra-35-evalita2026-multipride-unibo-ficlit-cpu' and extra == 'extra-35-evalita2026-multipride-unibo-ficlit-cu117') or (platform_python_implementation != 'CPython' and extra == 'extra-35-evalita2026-multipride-unibo-ficlit-cpu' and extra == 'extra-35-evalita2026-multipride-unibo-ficlit-cu117') or (sys_platform == 'darwin' and extra == 'extra-35-evalita2026-multipride-unibo-ficlit-cpu') or (sys_platform != 'linux' and extra == 'extra-35-evalita2026-multipride-unibo-ficlit-cpu' and extra == 'extra-35-evalita2026-multipride-unibo-ficlit-cu117')" },
    { name = "torch", version = "2.0.1+cpu", source = { registry = "https://download.pytorch.org/whl/cpu" }, marker = "(platform_machine != 'aarch64' and sys_platform == 'linux' and extra == 'extra-35-evalita2026-multipride-unibo-ficlit-cpu') or (platform_python_implementation != 'CPython' and sys_platform == 'linux' and extra == 'extra-35-evalita2026-multipride-unibo-ficlit-cpu') or (sys_platform != 'darwin' and sys_platform != 'linux' and extra == 'extra-35-evalita2026-multipride-unibo-ficlit-cpu') or (sys_platform == 'darwin' and extra == 'extra-35-evalita2026-multipride-unibo-ficlit-cpu' and extra == 'extra-35-evalita2026-multipride-unibo-ficlit-cu117') or (sys_platform == 'linux' and extra == 'extra-35-evalita2026-multipride-unibo-ficlit-cpu' and extra == 'extra-35-evalita2026-multipride-unibo-ficlit-cu117')" },
]
cu117 = [
    { name = "torch", version = "2.0.1", source = { registry = "https://download.pytorch.org/whl/cu117" }, marker = "(platform_machine == 'aarch64' and platform_python_implementation == 'CPython' and sys_platform == 'linux' and extra == 'extra-35-evalita2026-multipride-unibo-ficlit-cu117') or (platform_machine != 'aarch64' and extra == 'extra-35-evalita2026-multipride-unibo-ficlit-cpu' and extra == 'extra-35-evalita2026-multipride-unibo-ficlit-cu117') or (platform_python_implementation != 'CPython' and extra == 'extra-35-evalita2026-multipride-unibo-ficlit-cpu' and extra == 'extra-35-evalita2026-multipride-unibo-ficlit-cu117') or (sys_platform != 'linux' and extra == 'extra-35-evalita2026-multipride-unibo-ficlit-cpu' and extra == 'extra-35-evalita2026-multipride-unibo-ficlit-cu117')" },
    { name = "torch", version = "2.0.1+cu117", source = { registry = "https://download.pytorch.org/whl/cu117" }, marker = "(platform_machine != 'aarch64' and extra == 'extra-35-evalita2026-multipride-unibo-ficlit-cu117') or (platform_python_implementation != 'CPython' and extra == 'extra-35-evalita2026-multipride-unibo-ficlit-cu117') or (sys_platform != 'linux' and extra == 'extra-35-evalita2026-multipride-unibo-ficlit-cu117') or (extra == 'extra-35-evalita2026-multipride-unibo-ficlit-cpu' and extra == 'extra-35-evalita2026-multipride-unibo-ficlit-cu117')" },
]

[package.dev-dependencies]
dev = [
    { name = "pre-commit" },
]

[package.metadata]
requires-dist = [
    { name = "torch", marker = "extra == 'cpu'", specifier = "==2.0.1", index = "https://download.pytorch.org/whl/cpu", conflict = { package = "evalita2026-multipride-unibo-ficlit", extra = "cpu" } },
    { name = "torch", marker = "extra == 'cu117'", specifier = "==2.0.1", index = "https://download.pytorch.org/whl/cu117", conflict = { package = "evalita2026-multipride-unibo-ficlit", extra = "cu117" } },
]
provides-extras = ["cpu", "cu117"]

[package.metadata.requires-dev]
dev = [{ name = "pre-commit", specifier = ">=4.6.0" }]

[[package]]
name = "filelock"
version = "3.29.0"
source = { registry = "https://pypi.org/simple" }
sdist = { url = "https://files.pythonhosted.org/packages/b5/fe/997687a931ab51049acce6fa1f23e8f01216374ea81374ddee763c493db5/filelock-3.29.0.tar.gz", hash = "sha256:69974355e960702e789734cb4871f884ea6fe50bd8404051a3530bc07809cf90", size = 57571, upload-time = "2026-04-19T15:39:10.068Z" }
wheels = [
    { url = "https://files.pythonhosted.org/packages/81/47/dd9a212ef6e343a6857485ffe25bba537304f1913bdbed446a23f7f592e1/filelock-3.29.0-py3-none-any.whl", hash = "sha256:96f5f6344709aa1572bbf631c640e4ebeeb519e08da902c39a001882f30ac258", size = 39812, upload-time = "2026-04-19T15:39:08.752Z" },
]

[[package]]
name = "identify"
version = "2.6.19"
source = { registry = "https://pypi.org/simple" }
sdist = { url = "https://files.pythonhosted.org/packages/52/63/51723b5f116cc04b061cb6f5a561790abf249d25931d515cd375e063e0f4/identify-2.6.19.tar.gz", hash = "sha256:6be5020c38fcb07da56c53733538a3081ea5aa70d36a156f83044bfbf9173842", size = 99567, upload-time = "2026-04-17T18:39:50.265Z" }
wheels = [
    { url = "https://files.pythonhosted.org/packages/94/84/d9273cd09688070a6523c4aee4663a8538721b2b755c4962aafae0011e72/identify-2.6.19-py2.py3-none-any.whl", hash = "sha256:20e6a87f786f768c092a721ad107fc9df0eb89347be9396cadf3f4abbd1fb78a", size = 99397, upload-time = "2026-04-17T18:39:49.221Z" },
]

[[package]]
name = "jinja2"
version = "3.1.6"
source = { registry = "https://pypi.org/simple" }
dependencies = [
    { name = "markupsafe" },
]
sdist = { url = "https://files.pythonhosted.org/packages/df/bf/f7da0350254c0ed7c72f3e33cef02e048281fec7ecec5f032d4aac52226b/jinja2-3.1.6.tar.gz", hash = "sha256:0137fb05990d35f1275a587e9aee6d56da821fc83491a0fb838183be43f66d6d", size = 245115, upload-time = "2025-03-05T20:05:02.478Z" }
wheels = [
    { url = "https://files.pythonhosted.org/packages/62/a1/3d680cbfd5f4b8f15abc1d571870c5fc3e594bb582bc3b64ea099db13e56/jinja2-3.1.6-py3-none-any.whl", hash = "sha256:85ece4451f492d0c13c5dd7c13a64681a86afae63a5f347908daf103ce6d2f67", size = 134899, upload-time = "2025-03-05T20:05:00.369Z" },
]

[[package]]
name = "lit"
version = "18.1.8"
source = { registry = "https://pypi.org/simple" }
sdist = { url = "https://files.pythonhosted.org/packages/47/b4/d7e210971494db7b9a9ac48ff37dfa59a8b14c773f9cf47e6bda58411c0d/lit-18.1.8.tar.gz", hash = "sha256:47c174a186941ae830f04ded76a3444600be67d5e5fb8282c3783fba671c4edb", size = 161127, upload-time = "2024-06-25T14:33:14.489Z" }
wheels = [
    { url = "https://files.pythonhosted.org/packages/96/06/b36f150fa7c5bcc96a31a4d19a20fddbd1d965b6f02510b57a3bb8d4b930/lit-18.1.8-py3-none-any.whl", hash = "sha256:a873ff7acd76e746368da32eb7355625e2e55a2baaab884c9cc130f2ee0300f7", size = 96365, upload-time = "2024-06-25T14:33:12.101Z" },
]

[[package]]
name = "markupsafe"
version = "3.0.3"
source = { registry = "https://pypi.org/simple" }
sdist = { url = "https://files.pythonhosted.org/packages/7e/99/7690b6d4034fffd95959cbe0c02de8deb3098cc577c67bb6a24fe5d7caa7/markupsafe-3.0.3.tar.gz", hash = "sha256:722695808f4b6457b320fdc131280796bdceb04ab50fe1795cd540799ebe1698", size = 80313, upload-time = "2025-09-27T18:37:40.426Z" }
wheels = [
    { url = "https://files.pythonhosted.org/packages/08/db/fefacb2136439fc8dd20e797950e749aa1f4997ed584c62cfb8ef7c2be0e/markupsafe-3.0.3-cp311-cp311-macosx_10_9_x86_64.whl", hash = "sha256:1cc7ea17a6824959616c525620e387f6dd30fec8cb44f649e31712db02123dad", size = 11631, upload-time = "2025-09-27T18:36:18.185Z" },
    { url = "https://files.pythonhosted.org/packages/e1/2e/5898933336b61975ce9dc04decbc0a7f2fee78c30353c5efba7f2d6ff27a/markupsafe-3.0.3-cp311-cp311-macosx_11_0_arm64.whl", hash = "sha256:4bd4cd07944443f5a265608cc6aab442e4f74dff8088b0dfc8238647b8f6ae9a", size = 12058, upload-time = "2025-09-27T18:36:19.444Z" },
    { url = "https://files.pythonhosted.org/packages/1d/09/adf2df3699d87d1d8184038df46a9c80d78c0148492323f4693df54e17bb/markupsafe-3.0.3-cp311-cp311-manylinux2014_aarch64.manylinux_2_17_aarch64.manylinux_2_28_aarch64.whl", hash = "sha256:6b5420a1d9450023228968e7e6a9ce57f65d148ab56d2313fcd589eee96a7a50", size = 24287, upload-time = "2025-09-27T18:36:20.768Z" },
    { url = "https://files.pythonhosted.org/packages/30/ac/0273f6fcb5f42e314c6d8cd99effae6a5354604d461b8d392b5ec9530a54/markupsafe-3.0.3-cp311-cp311-manylinux2014_x86_64.manylinux_2_17_x86_64.manylinux_2_28_x86_64.whl", hash = "sha256:0bf2a864d67e76e5c9a34dc26ec616a66b9888e25e7b9460e1c76d3293bd9dbf", size = 22940, upload-time = "2025-09-27T18:36:22.249Z" },
    { url = "https://files.pythonhosted.org/packages/19/ae/31c1be199ef767124c042c6c3e904da327a2f7f0cd63a0337e1eca2967a8/markupsafe-3.0.3-cp311-cp311-manylinux_2_31_riscv64.manylinux_2_39_riscv64.whl", hash = "sha256:bc51efed119bc9cfdf792cdeaa4d67e8f6fcccab66ed4bfdd6bde3e59bfcbb2f", size = 21887, upload-time = "2025-09-27T18:36:23.535Z" },
    { url = "https://files.pythonhosted.org/packages/b2/76/7edcab99d5349a4532a459e1fe64f0b0467a3365056ae550d3bcf3f79e1e/markupsafe-3.0.3-cp311-cp311-musllinux_1_2_aarch64.whl", hash = "sha256:068f375c472b3e7acbe2d5318dea141359e6900156b5b2ba06a30b169086b91a", size = 23692, upload-time = "2025-09-27T18:36:24.823Z" },
    { url = "https://files.pythonhosted.org/packages/a4/28/6e74cdd26d7514849143d69f0bf2399f929c37dc2b31e6829fd2045b2765/markupsafe-3.0.3-cp311-cp311-musllinux_1_2_riscv64.whl", hash = "sha256:7be7b61bb172e1ed687f1754f8e7484f1c8019780f6f6b0786e76bb01c2ae115", size = 21471, upload-time = "2025-09-27T18:36:25.95Z" },
    { url = "https://files.pythonhosted.org/packages/62/7e/a145f36a5c2945673e590850a6f8014318d5577ed7e5920a4b3448e0865d/markupsafe-3.0.3-cp311-cp311-musllinux_1_2_x86_64.whl", hash = "sha256:f9e130248f4462aaa8e2552d547f36ddadbeaa573879158d721bbd33dfe4743a", size = 22923, upload-time = "2025-09-27T18:36:27.109Z" },
    { url = "https://files.pythonhosted.org/packages/0f/62/d9c46a7f5c9adbeeeda52f5b8d802e1094e9717705a645efc71b0913a0a8/markupsafe-3.0.3-cp311-cp311-win32.whl", hash = "sha256:0db14f5dafddbb6d9208827849fad01f1a2609380add406671a26386cdf15a19", size = 14572, upload-time = "2025-09-27T18:36:28.045Z" },
    { url = "https://files.pythonhosted.org/packages/83/8a/4414c03d3f891739326e1783338e48fb49781cc915b2e0ee052aa490d586/markupsafe-3.0.3-cp311-cp311-win_amd64.whl", hash = "sha256:de8a88e63464af587c950061a5e6a67d3632e36df62b986892331d4620a35c01", size = 15077, upload-time = "2025-09-27T18:36:29.025Z" },
    { url = "https://files.pythonhosted.org/packages/35/73/893072b42e6862f319b5207adc9ae06070f095b358655f077f69a35601f0/markupsafe-3.0.3-cp311-cp311-win_arm64.whl", hash = "sha256:3b562dd9e9ea93f13d53989d23a7e775fdfd1066c33494ff43f5418bc8c58a5c", size = 13876, upload-time = "2025-09-27T18:36:29.954Z" },
]

[[package]]
name = "mpmath"
version = "1.3.0"
source = { registry = "https://pypi.org/simple" }
sdist = { url = "https://files.pythonhosted.org/packages/e0/47/dd32fa426cc72114383ac549964eecb20ecfd886d1e5ccf5340b55b02f57/mpmath-1.3.0.tar.gz", hash = "sha256:7a28eb2a9774d00c7bc92411c19a89209d5da7c4c9a9e227be8330a23a25b91f", size = 508106, upload-time = "2023-03-07T16:47:11.061Z" }
wheels = [
    { url = "https://files.pythonhosted.org/packages/43/e3/7d92a15f894aa0c9c4b49b8ee9ac9850d6e63b03c9c32c0367a13ae62209/mpmath-1.3.0-py3-none-any.whl", hash = "sha256:a0b2b9fe80bbcd81a6647ff13108738cfb482d481d826cc0e02f5b35e5c88d2c", size = 536198, upload-time = "2023-03-07T16:47:09.197Z" },
]

[[package]]
name = "networkx"
version = "3.6.1"
source = { registry = "https://pypi.org/simple" }
sdist = { url = "https://files.pythonhosted.org/packages/6a/51/63fe664f3908c97be9d2e4f1158eb633317598cfa6e1fc14af5383f17512/networkx-3.6.1.tar.gz", hash = "sha256:26b7c357accc0c8cde558ad486283728b65b6a95d85ee1cd66bafab4c8168509", size = 2517025, upload-time = "2025-12-08T17:02:39.908Z" }
wheels = [
    { url = "https://files.pythonhosted.org/packages/9e/c9/b2622292ea83fbb4ec318f5b9ab867d0a28ab43c5717bb85b0a5f6b3b0a4/networkx-3.6.1-py3-none-any.whl", hash = "sha256:d47fbf302e7d9cbbb9e2555a0d267983d2aa476bac30e90dfbe5669bd57f3762", size = 2068504, upload-time = "2025-12-08T17:02:38.159Z" },
]

[[package]]
name = "nodeenv"
version = "1.10.0"
source = { registry = "https://pypi.org/simple" }
sdist = { url = "https://files.pythonhosted.org/packages/24/bf/d1bda4f6168e0b2e9e5958945e01910052158313224ada5ce1fb2e1113b8/nodeenv-1.10.0.tar.gz", hash = "sha256:996c191ad80897d076bdfba80a41994c2b47c68e224c542b48feba42ba00f8bb", size = 55611, upload-time = "2025-12-20T14:08:54.006Z" }
wheels = [
    { url = "https://files.pythonhosted.org/packages/88/b2/d0896bdcdc8d28a7fc5717c305f1a861c26e18c05047949fb371034d98bd/nodeenv-1.10.0-py2.py3-none-any.whl", hash = "sha256:5bb13e3eed2923615535339b3c620e76779af4cb4c6a90deccc9e36b274d3827", size = 23438, upload-time = "2025-12-20T14:08:52.782Z" },
]

[[package]]
name = "platformdirs"
version = "4.9.6"
source = { registry = "https://pypi.org/simple" }
sdist = { url = "https://files.pythonhosted.org/packages/9f/4a/0883b8e3802965322523f0b200ecf33d31f10991d0401162f4b23c698b42/platformdirs-4.9.6.tar.gz", hash = "sha256:3bfa75b0ad0db84096ae777218481852c0ebc6c727b3168c1b9e0118e458cf0a", size = 29400, upload-time = "2026-04-09T00:04:10.812Z" }
wheels = [
    { url = "https://files.pythonhosted.org/packages/75/a6/a0a304dc33b49145b21f4808d763822111e67d1c3a32b524a1baf947b6e1/platformdirs-4.9.6-py3-none-any.whl", hash = "sha256:e61adb1d5e5cb3441b4b7710bea7e4c12250ca49439228cc1021c00dcfac0917", size = 21348, upload-time = "2026-04-09T00:04:09.463Z" },
]

[[package]]
name = "pre-commit"
version = "4.6.0"
source = { registry = "https://pypi.org/simple" }
dependencies = [
    { name = "cfgv" },
    { name = "identify" },
    { name = "nodeenv" },
    { name = "pyyaml" },
    { name = "virtualenv" },
]
sdist = { url = "https://files.pythonhosted.org/packages/8e/22/2de9408ac81acbb8a7d05d4cc064a152ccf33b3d480ebe0cd292153db239/pre_commit-4.6.0.tar.gz", hash = "sha256:718d2208cef53fdc38206e40524a6d4d9576d103eb16f0fec11c875e7716e9d9", size = 198525, upload-time = "2026-04-21T20:31:41.613Z" }
wheels = [
    { url = "https://files.pythonhosted.org/packages/80/6e/4b28b62ecb6aae56769c34a8ff1d661473ec1e9519e2d5f8b2c150086b26/pre_commit-4.6.0-py2.py3-none-any.whl", hash = "sha256:e2cf246f7299edcabcf15f9b0571fdce06058527f0a06535068a86d38089f29b", size = 226472, upload-time = "2026-04-21T20:31:40.092Z" },
]

[[package]]
name = "python-discovery"
version = "1.3.1"
source = { registry = "https://pypi.org/simple" }
dependencies = [
    { name = "filelock" },
    { name = "platformdirs" },
]
sdist = { url = "https://files.pythonhosted.org/packages/48/60/e88788207d81e46362cfbef0d4aaf4c0f49efc3c12d4c3fa3f542c34ebec/python_discovery-1.3.1.tar.gz", hash = "sha256:62f6db28064c9613e7ca76cb3f00c38c839a07c31c00dfe7ed0986493d2150a6", size = 68011, upload-time = "2026-05-12T20:53:36.336Z" }
wheels = [
    { url = "https://files.pythonhosted.org/packages/b7/6f/a05a317a66fee0aad270011461f1a63a453ed12471249f172f7d2e2bc7b4/python_discovery-1.3.1-py3-none-any.whl", hash = "sha256:ed188687ebb3b82c01a17cd5ac62fc94d9f6487a7f1a0f9dfe89753fec91039c", size = 33185, upload-time = "2026-05-12T20:53:34.969Z" },
]

[[package]]
name = "pyyaml"
version = "6.0.3"
source = { registry = "https://pypi.org/simple" }
sdist = { url = "https://files.pythonhosted.org/packages/05/8e/961c0007c59b8dd7729d542c61a4d537767a59645b82a0b521206e1e25c2/pyyaml-6.0.3.tar.gz", hash = "sha256:d76623373421df22fb4cf8817020cbb7ef15c725b9d5e45f17e189bfc384190f", size = 130960, upload-time = "2025-09-25T21:33:16.546Z" }
wheels = [
    { url = "https://files.pythonhosted.org/packages/6d/16/a95b6757765b7b031c9374925bb718d55e0a9ba8a1b6a12d25962ea44347/pyyaml-6.0.3-cp311-cp311-macosx_10_13_x86_64.whl", hash = "sha256:44edc647873928551a01e7a563d7452ccdebee747728c1080d881d68af7b997e", size = 185826, upload-time = "2025-09-25T21:31:58.655Z" },
    { url = "https://files.pythonhosted.org/packages/16/19/13de8e4377ed53079ee996e1ab0a9c33ec2faf808a4647b7b4c0d46dd239/pyyaml-6.0.3-cp311-cp311-macosx_11_0_arm64.whl", hash = "sha256:652cb6edd41e718550aad172851962662ff2681490a8a711af6a4d288dd96824", size = 175577, upload-time = "2025-09-25T21:32:00.088Z" },
    { url = "https://files.pythonhosted.org/packages/0c/62/d2eb46264d4b157dae1275b573017abec435397aa59cbcdab6fc978a8af4/pyyaml-6.0.3-cp311-cp311-manylinux2014_aarch64.manylinux_2_17_aarch64.manylinux_2_28_aarch64.whl", hash = "sha256:10892704fc220243f5305762e276552a0395f7beb4dbf9b14ec8fd43b57f126c", size = 775556, upload-time = "2025-09-25T21:32:01.31Z" },
    { url = "https://files.pythonhosted.org/packages/10/cb/16c3f2cf3266edd25aaa00d6c4350381c8b012ed6f5276675b9eba8d9ff4/pyyaml-6.0.3-cp311-cp311-manylinux2014_s390x.manylinux_2_17_s390x.manylinux_2_28_s390x.whl", hash = "sha256:850774a7879607d3a6f50d36d04f00ee69e7fc816450e5f7e58d7f17f1ae5c00", size = 882114, upload-time = "2025-09-25T21:32:03.376Z" },
    { url = "https://files.pythonhosted.org/packages/71/60/917329f640924b18ff085ab889a11c763e0b573da888e8404ff486657602/pyyaml-6.0.3-cp311-cp311-manylinux2014_x86_64.manylinux_2_17_x86_64.manylinux_2_28_x86_64.whl", hash = "sha256:b8bb0864c5a28024fac8a632c443c87c5aa6f215c0b126c449ae1a150412f31d", size = 806638, upload-time = "2025-09-25T21:32:04.553Z" },
    { url = "https://files.pythonhosted.org/packages/dd/6f/529b0f316a9fd167281a6c3826b5583e6192dba792dd55e3203d3f8e655a/pyyaml-6.0.3-cp311-cp311-musllinux_1_2_aarch64.whl", hash = "sha256:1d37d57ad971609cf3c53ba6a7e365e40660e3be0e5175fa9f2365a379d6095a", size = 767463, upload-time = "2025-09-25T21:32:06.152Z" },
    { url = "https://files.pythonhosted.org/packages/f2/6a/b627b4e0c1dd03718543519ffb2f1deea4a1e6d42fbab8021936a4d22589/pyyaml-6.0.3-cp311-cp311-musllinux_1_2_x86_64.whl", hash = "sha256:37503bfbfc9d2c40b344d06b2199cf0e96e97957ab1c1b546fd4f87e53e5d3e4", size = 794986, upload-time = "2025-09-25T21:32:07.367Z" },
    { url = "https://files.pythonhosted.org/packages/45/91/47a6e1c42d9ee337c4839208f30d9f09caa9f720ec7582917b264defc875/pyyaml-6.0.3-cp311-cp311-win32.whl", hash = "sha256:8098f252adfa6c80ab48096053f512f2321f0b998f98150cea9bd23d83e1467b", size = 142543, upload-time = "2025-09-25T21:32:08.95Z" },
    { url = "https://files.pythonhosted.org/packages/da/e3/ea007450a105ae919a72393cb06f122f288ef60bba2dc64b26e2646fa315/pyyaml-6.0.3-cp311-cp311-win_amd64.whl", hash = "sha256:9f3bfb4965eb874431221a3ff3fdcddc7e74e3b07799e0e84ca4a0f867d449bf", size = 158763, upload-time = "2025-09-25T21:32:09.96Z" },
]

[[package]]
name = "sympy"
version = "1.14.0"
source = { registry = "https://pypi.org/simple" }
dependencies = [
    { name = "mpmath" },
]
sdist = { url = "https://files.pythonhosted.org/packages/83/d3/803453b36afefb7c2bb238361cd4ae6125a569b4db67cd9e79846ba2d68c/sympy-1.14.0.tar.gz", hash = "sha256:d3d3fe8df1e5a0b42f0e7bdf50541697dbe7d23746e894990c030e2b05e72517", size = 7793921, upload-time = "2025-04-27T18:05:01.611Z" }
wheels = [
    { url = "https://files.pythonhosted.org/packages/a2/09/77d55d46fd61b4a135c444fc97158ef34a095e5681d0a6c10b75bf356191/sympy-1.14.0-py3-none-any.whl", hash = "sha256:e091cc3e99d2141a0ba2847328f5479b05d94a6635cb96148ccb3f34671bd8f5", size = 6299353, upload-time = "2025-04-27T18:04:59.103Z" },
]

[[package]]
name = "torch"
version = "2.0.1"
source = { registry = "https://download.pytorch.org/whl/cpu" }
resolution-markers = [
    "(platform_machine == 'aarch64' and platform_python_implementation == 'CPython' and sys_platform == 'linux') or sys_platform == 'darwin'",
]
dependencies = [
    { name = "filelock", marker = "(platform_machine == 'aarch64' and platform_python_implementation == 'CPython' and sys_platform == 'linux') or sys_platform == 'darwin'" },
    { name = "jinja2", marker = "(platform_machine == 'aarch64' and platform_python_implementation == 'CPython' and sys_platform == 'linux') or sys_platform == 'darwin'" },
    { name = "networkx", marker = "(platform_machine == 'aarch64' and platform_python_implementation == 'CPython' and sys_platform == 'linux') or sys_platform == 'darwin'" },
    { name = "sympy", marker = "(platform_machine == 'aarch64' and platform_python_implementation == 'CPython' and sys_platform == 'linux') or sys_platform == 'darwin'" },
    { name = "typing-extensions", marker = "(platform_machine == 'aarch64' and platform_python_implementation == 'CPython' and sys_platform == 'linux') or sys_platform == 'darwin'" },
]
wheels = [
    { url = "https://download-r2.pytorch.org/whl/torch-2.0.1-cp311-cp311-manylinux2014_aarch64.whl", hash = "sha256:b6019b1de4978e96daa21d6a3ebb41e88a0b474898fe251fd96189587408873e", upload-time = "2023-10-06T21:39:31Z" },
    { url = "https://download-r2.pytorch.org/whl/cpu/torch-2.0.1-cp311-none-macosx_10_9_x86_64.whl", hash = "sha256:ef654427d91600129864644e35deea761fb1fe131710180b952a6f2e2207075e", upload-time = "2023-10-06T00:28:27Z" },
    { url = "https://download-r2.pytorch.org/whl/cpu/torch-2.0.1-cp311-none-macosx_11_0_arm64.whl", hash = "sha256:25aa43ca80dcdf32f13da04c503ec7afdf8e77e3a0183dd85cd3e53b2842e527", upload-time = "2023-10-06T00:28:35Z" },
]

[[package]]
name = "torch"
version = "2.0.1"
source = { registry = "https://download.pytorch.org/whl/cu117" }
resolution-markers = [
    "platform_machine == 'aarch64' and platform_python_implementation == 'CPython' and sys_platform == 'linux'",
]
dependencies = [
    { name = "filelock", marker = "platform_machine == 'aarch64' and platform_python_implementation == 'CPython' and sys_platform == 'linux'" },
    { name = "jinja2", marker = "platform_machine == 'aarch64' and platform_python_implementation == 'CPython' and sys_platform == 'linux'" },
    { name = "networkx", marker = "platform_machine == 'aarch64' and platform_python_implementation == 'CPython' and sys_platform == 'linux'" },
    { name = "sympy", marker = "platform_machine == 'aarch64' and platform_python_implementation == 'CPython' and sys_platform == 'linux'" },
    { name = "typing-extensions", marker = "platform_machine == 'aarch64' and platform_python_implementation == 'CPython' and sys_platform == 'linux'" },
]
wheels = [
    { url = "https://download-r2.pytorch.org/whl/torch-2.0.1-cp311-cp311-manylinux2014_aarch64.whl", hash = "sha256:b6019b1de4978e96daa21d6a3ebb41e88a0b474898fe251fd96189587408873e", upload-time = "2023-10-06T21:39:31Z" },
]

[[package]]
name = "torch"
version = "2.0.1+cpu"
source = { registry = "https://download.pytorch.org/whl/cpu" }
resolution-markers = [
    "(platform_machine != 'aarch64' and sys_platform == 'linux') or (platform_python_implementation != 'CPython' and sys_platform == 'linux') or (sys_platform != 'darwin' and sys_platform != 'linux')",
]
dependencies = [
    { name = "filelock", marker = "(platform_machine != 'aarch64' and sys_platform == 'linux') or (platform_python_implementation != 'CPython' and sys_platform == 'linux') or (sys_platform != 'darwin' and sys_platform != 'linux')" },
    { name = "jinja2", marker = "(platform_machine != 'aarch64' and sys_platform == 'linux') or (platform_python_implementation != 'CPython' and sys_platform == 'linux') or (sys_platform != 'darwin' and sys_platform != 'linux')" },
    { name = "networkx", marker = "(platform_machine != 'aarch64' and sys_platform == 'linux') or (platform_python_implementation != 'CPython' and sys_platform == 'linux') or (sys_platform != 'darwin' and sys_platform != 'linux')" },
    { name = "sympy", marker = "(platform_machine != 'aarch64' and sys_platform == 'linux') or (platform_python_implementation != 'CPython' and sys_platform == 'linux') or (sys_platform != 'darwin' and sys_platform != 'linux')" },
    { name = "typing-extensions", marker = "(platform_machine != 'aarch64' and sys_platform == 'linux') or (platform_python_implementation != 'CPython' and sys_platform == 'linux') or (sys_platform != 'darwin' and sys_platform != 'linux')" },
]
wheels = [
    { url = "https://download-r2.pytorch.org/whl/cpu/torch-2.0.1%2Bcpu-cp311-cp311-linux_x86_64.whl", hash = "sha256:274d4acf486ef50ce1066ffe9d500beabb32bde69db93e3b71d0892dd148956c", upload-time = "2023-10-06T00:27:30Z" },
    { url = "https://download-r2.pytorch.org/whl/cpu/torch-2.0.1%2Bcpu-cp311-cp311-win_amd64.whl", hash = "sha256:e2603310bdff4b099c4c41ae132192fc0d6b00932ae2621d52d87218291864be", upload-time = "2023-10-06T00:27:39Z" },
]

[[package]]
name = "torch"
version = "2.0.1+cu117"
source = { registry = "https://download.pytorch.org/whl/cu117" }
resolution-markers = [
    "platform_machine != 'aarch64' or platform_python_implementation != 'CPython' or sys_platform != 'linux'",
]
dependencies = [
    { name = "filelock", marker = "platform_machine != 'aarch64' or platform_python_implementation != 'CPython' or sys_platform != 'linux'" },
    { name = "jinja2", marker = "platform_machine != 'aarch64' or platform_python_implementation != 'CPython' or sys_platform != 'linux'" },
    { name = "networkx", marker = "platform_machine != 'aarch64' or platform_python_implementation != 'CPython' or sys_platform != 'linux'" },
    { name = "sympy", marker = "platform_machine != 'aarch64' or platform_python_implementation != 'CPython' or sys_platform != 'linux'" },
    { name = "triton", marker = "platform_machine == 'x86_64' and sys_platform == 'linux'" },
    { name = "typing-extensions", marker = "platform_machine != 'aarch64' or platform_python_implementation != 'CPython' or sys_platform != 'linux'" },
]
wheels = [
    { url = "https://download-r2.pytorch.org/whl/cu117/torch-2.0.1%2Bcu117-cp311-cp311-linux_x86_64.whl", hash = "sha256:60b21e8db98f7365758a5c218f5dc533d84f046ed0876b4540ba5ba7ef6797d4", upload-time = "2023-10-09T03:27:04Z" },
    { url = "https://download-r2.pytorch.org/whl/cu117/torch-2.0.1%2Bcu117-cp311-cp311-win_amd64.whl", hash = "sha256:a77ba4f4b13c8b6c2c863b84a98dde2ddf1feaad5f25700d41cf3236e11d2ee8", upload-time = "2023-10-09T03:28:11Z" },
]

[[package]]
name = "triton"
version = "2.0.0"
source = { registry = "https://pypi.org/simple" }
dependencies = [
    { name = "cmake", marker = "platform_machine != 'aarch64' or platform_python_implementation != 'CPython' or sys_platform != 'linux'" },
    { name = "filelock", marker = "platform_machine != 'aarch64' or platform_python_implementation != 'CPython' or sys_platform != 'linux'" },
    { name = "lit", marker = "platform_machine != 'aarch64' or platform_python_implementation != 'CPython' or sys_platform != 'linux'" },
    { name = "torch", version = "2.0.1+cu117", source = { registry = "https://download.pytorch.org/whl/cu117" }, marker = "platform_machine != 'aarch64' or platform_python_implementation != 'CPython' or sys_platform != 'linux'" },
]
wheels = [
    { url = "https://files.pythonhosted.org/packages/b7/cd/4aa0179919306f9c2e3e5308f269d20c094b2a4e2963b656e9405172763f/triton-2.0.0-1-cp311-cp311-manylinux2014_x86_64.manylinux_2_17_x86_64.whl", hash = "sha256:226941c7b8595219ddef59a1fdb821e8c744289a132415ddd584facedeb475b1", size = 63278135, upload-time = "2023-03-20T17:32:25.22Z" },
]

[[package]]
name = "typing-extensions"
version = "4.15.0"
source = { registry = "https://pypi.org/simple" }
sdist = { url = "https://files.pythonhosted.org/packages/72/94/1a15dd82efb362ac84269196e94cf00f187f7ed21c242792a923cdb1c61f/typing_extensions-4.15.0.tar.gz", hash = "sha256:0cea48d173cc12fa28ecabc3b837ea3cf6f38c6d1136f85cbaaf598984861466", size = 109391, upload-time = "2025-08-25T13:49:26.313Z" }
wheels = [
    { url = "https://files.pythonhosted.org/packages/18/67/36e9267722cc04a6b9f15c7f3441c2363321a3ea07da7ae0c0707beb2a9c/typing_extensions-4.15.0-py3-none-any.whl", hash = "sha256:f0fa19c6845758ab08074a0cfa8b7aecb71c999ca73d62883bc25cc018c4e548", size = 44614, upload-time = "2025-08-25T13:49:24.86Z" },
]

[[package]]
name = "virtualenv"
version = "21.3.3"
source = { registry = "https://pypi.org/simple" }
dependencies = [
    { name = "distlib" },
    { name = "filelock" },
    { name = "platformdirs" },
    { name = "python-discovery" },
]
sdist = { url = "https://files.pythonhosted.org/packages/15/ba/1f6e8c957e4932be060dcdc482d339c12e0216351478add3645cdaa53c05/virtualenv-21.3.3.tar.gz", hash = "sha256:f5bda277e553b1c2b3c1a8debfc30496e1288cc93ce6b7b71b3280047e317328", size = 7613784, upload-time = "2026-05-13T18:01:30.19Z" }
wheels = [
    { url = "https://files.pythonhosted.org/packages/f4/34/a9dbe051de88a63eb7408ea66630bac38e72f7f6077d4be58737106860d9/virtualenv-21.3.3-py3-none-any.whl", hash = "sha256:7d5987d8369e098e41406efb780a3d4ca79280097293899e351a6407ee153ab3", size = 7594554, upload-time = "2026-05-13T18:01:27.815Z" },
]
